
Microsoft Visual Studio Solution File, Format Version 12.00
# Visual Studio Version 17
VisualStudioVersion = 17.5.33424.131
MinimumVisualStudioVersion = 10.0.40219.1
Project("{9A19103F-16F7-4668-BE54-9A1E7A4F7556}") = "Categoria.Shared", "Categoria.Shared\Categoria.Shared.csproj", "{272CCA2D-9E24-4DCA-B818-B5425CB59612}"
EndProject
Project("{9A19103F-16F7-4668-BE54-9A1E7A4F7556}") = "Categoria.API", "Categoria.API\Categoria.API.csproj", "{477B395E-C5F1-4D4B-9239-4753CEF3B4E0}"
EndProject
Project("{9A19103F-16F7-4668-BE54-9A1E7A4F7556}") = "Categoria.WEB", "Categoria.WEB\Categoria.WEB.csproj", "{6CE326CD-811E-49DA-86DB-50D78BC4ACB0}"
EndProject
Global
	GlobalSection(SolutionConfigurationPlatforms) = preSolution
		Debug|Any CPU = Debug|Any CPU
		Release|Any CPU = Release|Any CPU
	EndGlobalSection
	GlobalSection(ProjectConfigurationPlatforms) = postSolution
		{272CCA2D-9E24-4DCA-B818-B5425CB59612}.Debug|Any CPU.ActiveCfg = Debug|Any CPU
		{272CCA2D-9E24-4DCA-B818-B5425CB59612}.Debug|Any CPU.Build.0 = Debug|Any CPU
		{272CCA2D-9E24-4DCA-B818-B5425CB59612}.Release|Any CPU.ActiveCfg = Release|Any CPU
		{272CCA2D-9E24-4DCA-B818-B5425CB59612}.Release|Any CPU.Build.0 = Release|Any CPU
		{477B395E-C5F1-4D4B-9239-4753CEF3B4E0}.Debug|Any CPU.ActiveCfg = Debug|Any CPU
		{477B395E-C5F1-4D4B-9239-4753CEF3B4E0}.Debug|Any CPU.Build.0 = Debug|Any CPU
		{477B395E-C5F1-4D4B-9239-4753CEF3B4E0}.Release|Any CPU.ActiveCfg = Release|Any CPU
		{477B395E-C5F1-4D4B-9239-4753CEF3B4E0}.Release|Any CPU.Build.0 = Release|Any CPU
		{6CE326CD-811E-49DA-86DB-50D78BC4ACB0}.Debug|Any CPU.ActiveCfg = Debug|Any CPU
		{6CE326CD-811E-49DA-86DB-50D78BC4ACB0}.Debug|Any CPU.Build.0 = Debug|Any CPU
		{6CE326CD-811E-49DA-86DB-50D78BC4ACB0}.Release|Any CPU.ActiveCfg = Release|Any CPU
		{6CE326CD-811E-49DA-86DB-50D78BC4ACB0}.Release|Any CPU.Build.0 = Release|Any CPU
	EndGlobalSection
	GlobalSection(SolutionProperties) = preSolution
		HideSolutionNode = FALSE
	EndGlobalSection
	GlobalSection(ExtensibilityGlobals) = postSolution
		SolutionGuid = {6D13A142-1364-4B85-88A2-6E312E4D9116}
	EndGlobalSection
EndGlobal
